
Microsoft Visual Studio Solution File, Format Version 12.00
Project("{FAE04EC0-301F-11D3-BF4B-00C04F79EFBC}") = "Cencora.TimeVault.WebApi", "Cencora.TimeVault.WebApi\Cencora.TimeVault.WebApi.csproj", "{A83E3717-6B65-4C4E-870B-6CAE55E3D7FF}"
EndProject
Project("{FAE04EC0-301F-11D3-BF4B-00C04F79EFBC}") = "Cencora.TimeVault.WebApi.Tests", "Cencora.TimeVault.WebApi.Tests\Cencora.TimeVault.WebApi.Tests.csproj", "{9610D4C2-09CD-413D-9F92-3A5E487199D7}"
EndProject
Global
	GlobalSection(SolutionConfigurationPlatforms) = preSolution
		Debug|Any CPU = Debug|Any CPU
		Release|Any CPU = Release|Any CPU
	EndGlobalSection
	GlobalSection(ProjectConfigurationPlatforms) = postSolution
		{DA32BB3F-4009-46BB-B158-8C7883C5D79A}.Debug|Any CPU.ActiveCfg = Debug|Any CPU
		{DA32BB3F-4009-46BB-B158-8C7883C5D79A}.Debug|Any CPU.Build.0 = Debug|Any CPU
		{DA32BB3F-4009-46BB-B158-8C7883C5D79A}.Release|Any CPU.ActiveCfg = Release|Any CPU
		{DA32BB3F-4009-46BB-B158-8C7883C5D79A}.Release|Any CPU.Build.0 = Release|Any CPU
		{A83E3717-6B65-4C4E-870B-6CAE55E3D7FF}.Debug|Any CPU.ActiveCfg = Debug|Any CPU
		{A83E3717-6B65-4C4E-870B-6CAE55E3D7FF}.Debug|Any CPU.Build.0 = Debug|Any CPU
		{A83E3717-6B65-4C4E-870B-6CAE55E3D7FF}.Release|Any CPU.ActiveCfg = Release|Any CPU
		{A83E3717-6B65-4C4E-870B-6CAE55E3D7FF}.Release|Any CPU.Build.0 = Release|Any CPU
		{9610D4C2-09CD-413D-9F92-3A5E487199D7}.Debug|Any CPU.ActiveCfg = Debug|Any CPU
		{9610D4C2-09CD-413D-9F92-3A5E487199D7}.Debug|Any CPU.Build.0 = Debug|Any CPU
		{9610D4C2-09CD-413D-9F92-3A5E487199D7}.Release|Any CPU.ActiveCfg = Release|Any CPU
		{9610D4C2-09CD-413D-9F92-3A5E487199D7}.Release|Any CPU.Build.0 = Release|Any CPU
	EndGlobalSection
EndGlobal
